
Microsoft Visual Studio Solution File, Format Version 12.00
# Visual Studio Version 16
VisualStudioVersion = 16.0.28803.452
MinimumVisualStudioVersion = 10.0.40219.1
Project("{FAE04EC0-301F-11D3-BF4B-00C04F79EFBC}") = "ZebyRTGDeluxe", "ZebyRTGDeluxe\ZebyRTGDeluxe.csproj", "{AE8DE525-0F58-4618-A7AF-3FDCB7942A86}"
EndProject
Global
	GlobalSection(SolutionConfigurationPlatforms) = preSolution
		Debug|Any CPU = Debug|Any CPU
		Release|Any CPU = Release|Any CPU
	EndGlobalSection
	GlobalSection(ProjectConfigurationPlatforms) = postSolution
		{AE8DE525-0F58-4618-A7AF-3FDCB7942A86}.Debug|Any CPU.ActiveCfg = Debug|Any CPU
		{AE8DE525-0F58-4618-A7AF-3FDCB7942A86}.Debug|Any CPU.Build.0 = Debug|Any CPU
		{AE8DE525-0F58-4618-A7AF-3FDCB7942A86}.Release|Any CPU.ActiveCfg = Release|Any CPU
		{AE8DE525-0F58-4618-A7AF-3FDCB7942A86}.Release|Any CPU.Build.0 = Release|Any CPU
	EndGlobalSection
	GlobalSection(SolutionProperties) = preSolution
		HideSolutionNode = FALSE
	EndGlobalSection
	GlobalSection(ExtensibilityGlobals) = postSolution
		SolutionGuid = {0F0614DE-C9AF-481E-ACC8-515E49A5DBD4}
	EndGlobalSection
EndGlobal
